// !$*UTF8*$!
{
	archiveVersion = 1;
	classes = {
	};
	objectVersion = 46;
	objects = {

/* Begin PBXBuildFile section */
		1B589F211D26A74200F1F602 /* TableViewController.m in Sources */ = {isa = PBXBuildFile; fileRef = 1B589F201D26A74200F1F602 /* TableViewController.m */; };
		1B589F271D26AEAA00F1F602 /* TableViewCell.m in Sources */ = {isa = PBXBuildFile; fileRef = 1B589F261D26AEAA00F1F602 /* TableViewCell.m */; };
		1B7A41971D26A0CF0026B762 /* main.m in Sources */ = {isa = PBXBuildFile; fileRef = 1B7A41961D26A0CF0026B762 /* main.m */; };
		1B7A419A1D26A0CF0026B762 /* AppDelegate.m in Sources */ = {isa = PBXBuildFile; fileRef = 1B7A41991D26A0CF0026B762 /* AppDelegate.m */; };
		1B7A419D1D26A0CF0026B762 /* ViewController.m in Sources */ = {isa = PBXBuildFile; fileRef = 1B7A419C1D26A0CF0026B762 /* ViewController.m */; };
		1B7A41A01D26A0CF0026B762 /* Main.storyboard in Resources */ = {isa = PBXBuildFile; fileRef = 1B7A419E1D26A0CF0026B762 /* Main.storyboard */; };
		1B7A41A21D26A0CF0026B762 /* Assets.xcassets in Resources */ = {isa = PBXBuildFile; fileRef = 1B7A41A11D26A0CF0026B762 /* Assets.xcassets */; };
		1B7A41A51D26A0CF0026B762 /* LaunchScreen.storyboard in Resources */ = {isa = PBXBuildFile; fileRef = 1B7A41A31D26A0CF0026B762 /* LaunchScreen.storyboard */; };
		1FF49B344310EE0832118D1A /* libPods-FISFlashyTableviews.a in Frameworks */ = {isa = PBXBuildFile; fileRef = A191A591CF4E437FBF25279C /* libPods-FISFlashyTableviews.a */; };
/* End PBXBuildFile section */

/* Begin PBXFileReference section */
		1B589F1F1D26A74200F1F602 /* TableViewController.h */ = {isa = PBXFileReference; fileEncoding = 4; lastKnownFileType = sourcecode.c.h; path = TableViewController.h; sourceTree = "<group>"; };
		1B589F201D26A74200F1F602 /* TableViewController.m */ = {isa = PBXFileReference; fileEncoding = 4; lastKnownFileType = sourcecode.c.objc; path = TableViewController.m; sourceTree = "<group>"; };
		1B589F251D26AEAA00F1F602 /* TableViewCell.h */ = {isa = PBXFileReference; fileEncoding = 4; lastKnownFileType = sourcecode.c.h; path = TableViewCell.h; sourceTree = "<group>"; };
		1B589F261D26AEAA00F1F602 /* TableViewCell.m */ = {isa = PBXFileReference; fileEncoding = 4; lastKnownFileType = sourcecode.c.objc; path = TableViewCell.m; sourceTree = "<group>"; };
		1B7A41921D26A0CF0026B762 /* FISFlashyTableviews.app */ = {isa = PBXFileReference; explicitFileType = wrapper.application; includeInIndex = 0; path = FISFlashyTableviews.app; sourceTree = BUILT_PRODUCTS_DIR; };
		1B7A41961D26A0CF0026B762 /* main.m */ = {isa = PBXFileReference; lastKnownFileType = sourcecode.c.objc; path = main.m; sourceTree = "<group>"; };
		1B7A41981D26A0CF0026B762 /* AppDelegate.h */ = {isa = PBXFileReference; lastKnownFileType = sourcecode.c.h; path = AppDelegate.h; sourceTree = "<group>"; };
		1B7A41991D26A0CF0026B762 /* AppDelegate.m */ = {isa = PBXFileReference; lastKnownFileType = sourcecode.c.objc; path = AppDelegate.m; sourceTree = "<group>"; };
		1B7A419B1D26A0CF0026B762 /* ViewController.h */ = {isa = PBXFileReference; lastKnownFileType = sourcecode.c.h; path = ViewController.h; sourceTree = "<group>"; };
		1B7A419C1D26A0CF0026B762 /* ViewController.m */ = {isa = PBXFileReference; lastKnownFileType = sourcecode.c.objc; path = ViewController.m; sourceTree = "<group>"; };
		1B7A419F1D26A0CF0026B762 /* Base */ = {isa = PBXFileReference; lastKnownFileType = file.storyboard; name = Base; path = Base.lproj/Main.storyboard; sourceTree = "<group>"; };
		1B7A41A11D26A0CF0026B762 /* Assets.xcassets */ = {isa = PBXFileReference; lastKnownFileType = folder.assetcatalog; path = Assets.xcassets; sourceTree = "<group>"; };
		1B7A41A41D26A0CF0026B762 /* Base */ = {isa = PBXFileReference; lastKnownFileType = file.storyboard; name = Base; path = Base.lproj/LaunchScreen.storyboard; sourceTree = "<group>"; };
		1B7A41A61D26A0CF0026B762 /* Info.plist */ = {isa = PBXFileReference; lastKnownFileType = text.plist.xml; path = Info.plist; sourceTree = "<group>"; };
		2AEE9558800C762D5F710EAF /* Pods-FISFlashyTableviews.debug.xcconfig */ = {isa = PBXFileReference; includeInIndex = 1; lastKnownFileType = text.xcconfig; name = "Pods-FISFlashyTableviews.debug.xcconfig"; path = "Pods/Target Support Files/Pods-FISFlashyTableviews/Pods-FISFlashyTableviews.debug.xcconfig"; sourceTree = "<group>"; };
		3A90ECB867DFD6DC9B509C16 /* Pods-FISFlashyTableviews.release.xcconfig */ = {isa = PBXFileReference; includeInIndex = 1; lastKnownFileType = text.xcconfig; name = "Pods-FISFlashyTableviews.release.xcconfig"; path = "Pods/Target Support Files/Pods-FISFlashyTableviews/Pods-FISFlashyTableviews.release.xcconfig"; sourceTree = "<group>"; };
		A191A591CF4E437FBF25279C /* libPods-FISFlashyTableviews.a */ = {isa = PBXFileReference; explicitFileType = archive.ar; includeInIndex = 0; path = "libPods-FISFlashyTableviews.a"; sourceTree = BUILT_PRODUCTS_DIR; };
/* End PBXFileReference section */

/* Begin PBXFrameworksBuildPhase section */
		1B7A418F1D26A0CF0026B762 /* Frameworks */ = {
			isa = PBXFrameworksBuildPhase;
			buildActionMask = 2147483647;
			files = (
				1FF49B344310EE0832118D1A /* libPods-FISFlashyTableviews.a in Frameworks */,
			);
			runOnlyForDeploymentPostprocessing = 0;
		};
/* End PBXFrameworksBuildPhase section */

/* Begin PBXGroup section */
		1094A104C14461C7CE0A4DFA /* Pods */ = {
			isa = PBXGroup;
			children = (
				2AEE9558800C762D5F710EAF /* Pods-FISFlashyTableviews.debug.xcconfig */,
				3A90ECB867DFD6DC9B509C16 /* Pods-FISFlashyTableviews.release.xcconfig */,
			);
			name = Pods;
			sourceTree = "<group>";
		};
		1B7A41891D26A0CF0026B762 = {
			isa = PBXGroup;
			children = (
				1B7A41941D26A0CF0026B762 /* FISFlashyTableviews */,
				1B7A41931D26A0CF0026B762 /* Products */,
				1094A104C14461C7CE0A4DFA /* Pods */,
				BD735B6864E8084F684FD15F /* Frameworks */,
			);
			sourceTree = "<group>";
		};
		1B7A41931D26A0CF0026B762 /* Products */ = {
			isa = PBXGroup;
			children = (
				1B7A41921D26A0CF0026B762 /* FISFlashyTableviews.app */,
			);
			name = Products;
			sourceTree = "<group>";
		};
		1B7A41941D26A0CF0026B762 /* FISFlashyTableviews */ = {
			isa = PBXGroup;
			children = (
				1B7A41981D26A0CF0026B762 /* AppDelegate.h */,
				1B7A41991D26A0CF0026B762 /* AppDelegate.m */,
				1B7A419B1D26A0CF0026B762 /* ViewController.h */,
				1B7A419C1D26A0CF0026B762 /* ViewController.m */,
				1B7A419E1D26A0CF0026B762 /* Main.storyboard */,
				1B589F1F1D26A74200F1F602 /* TableViewController.h */,
				1B589F201D26A74200F1F602 /* TableViewController.m */,
				1B589F251D26AEAA00F1F602 /* TableViewCell.h */,
				1B589F261D26AEAA00F1F602 /* TableViewCell.m */,
				1B7A41A11D26A0CF0026B762 /* Assets.xcassets */,
				1B7A41A31D26A0CF0026B762 /* LaunchScreen.storyboard */,
				1B7A41A61D26A0CF0026B762 /* Info.plist */,
				1B7A41951D26A0CF0026B762 /* Supporting Files */,
			);
			path = FISFlashyTableviews;
			sourceTree = "<group>";
		};
		1B7A41951D26A0CF0026B762 /* Supporting Files */ = {
			isa = PBXGroup;
			children = (
				1B7A41961D26A0CF0026B762 /* main.m */,
			);
			name = "Supporting Files";
			sourceTree = "<group>";
		};
		BD735B6864E8084F684FD15F /* Frameworks */ = {
			isa = PBXGroup;
			children = (
				A191A591CF4E437FBF25279C /* libPods-FISFlashyTableviews.a */,
			);
			name = Frameworks;
			sourceTree = "<group>";
		};
/* End PBXGroup section */

/* Begin PBXNativeTarget section */
		1B7A41911D26A0CF0026B762 /* FISFlashyTableviews */ = {
			isa = PBXNativeTarget;
			buildConfigurationList = 1B7A41A91D26A0CF0026B762 /* Build configuration list for PBXNativeTarget "FISFlashyTableviews" */;
			buildPhases = (
				DB498D764CFE0DE52F0480CE /* [CP] Check Pods Manifest.lock */,
				1B7A418E1D26A0CF0026B762 /* Sources */,
				1B7A418F1D26A0CF0026B762 /* Frameworks */,
				1B7A41901D26A0CF0026B762 /* Resources */,
				4A1A59DBEF1A69DE4199212F /* [CP] Embed Pods Frameworks */,
				37BF649E3A8B1DC526FD4C91 /* [CP] Copy Pods Resources */,
			);
			buildRules = (
			);
			dependencies = (
			);
			name = FISFlashyTableviews;
			productName = FISFlashyTableviews;
			productReference = 1B7A41921D26A0CF0026B762 /* FISFlashyTableviews.app */;
			productType = "com.apple.product-type.application";
		};
/* End PBXNativeTarget section */

/* Begin PBXProject section */
		1B7A418A1D26A0CF0026B762 /* Project object */ = {
			isa = PBXProject;
			attributes = {
				LastUpgradeCheck = 0730;
				ORGANIZATIONNAME = "Flatiron School";
				TargetAttributes = {
					1B7A41911D26A0CF0026B762 = {
						CreatedOnToolsVersion = 7.3.1;
					};
				};
			};
			buildConfigurationList = 1B7A418D1D26A0CF0026B762 /* Build configuration list for PBXProject "FISFlashyTableviews" */;
			compatibilityVersion = "Xcode 3.2";
			developmentRegion = English;
			hasScannedForEncodings = 0;
			knownRegions = (
				en,
				Base,
			);
			mainGroup = 1B7A41891D26A0CF0026B762;
			productRefGroup = 1B7A41931D26A0CF0026B762 /* Products */;
			projectDirPath = "";
			projectRoot = "";
			targets = (
				1B7A41911D26A0CF0026B762 /* FISFlashyTableviews */,
			);
		};
/* End PBXProject section */

/* Begin PBXResourcesBuildPhase section */
		1B7A41901D26A0CF0026B762 /* Resources */ = {
			isa = PBXResourcesBuildPhase;
			buildActionMask = 2147483647;
			files = (
				1B7A41A51D26A0CF0026B762 /* LaunchScreen.storyboard in Resources */,
				1B7A41A21D26A0CF0026B762 /* Assets.xcassets in Resources */,
				1B7A41A01D26A0CF0026B762 /* Main.storyboard in Resources */,
			);
			runOnlyForDeploymentPostprocessing = 0;
		};
/* End PBXResourcesBuildPhase section */

/* Begin PBXShellScriptBuildPhase section */
		37BF649E3A8B1DC526FD4C91 /* [CP] Copy Pods Resources */ = {
			isa = PBXShellScriptBuildPhase;
			buildActionMask = 2147483647;
			files = (
			);
			inputPaths = (
			);
			name = "[CP] Copy Pods Resources";
			outputPaths = (
			);
			runOnlyForDeploymentPostprocessing = 0;
			shellPath = /bin/sh;
			shellScript = "\"${SRCROOT}/Pods/Target Support Files/Pods-FISFlashyTableviews/Pods-FISFlashyTableviews-resources.sh\"\n";
			showEnvVarsInLog = 0;
		};
		4A1A59DBEF1A69DE4199212F /* [CP] Embed Pods Frameworks */ = {
			isa = PBXShellScriptBuildPhase;
			buildActionMask = 2147483647;
			files = (
			);
			inputPaths = (
			);
			name = "[CP] Embed Pods Frameworks";
			outputPaths = (
			);
			runOnlyForDeploymentPostprocessing = 0;
			shellPath = /bin/sh;
			shellScript = "\"${SRCROOT}/Pods/Target Support Files/Pods-FISFlashyTableviews/Pods-FISFlashyTableviews-frameworks.sh\"\n";
			showEnvVarsInLog = 0;
		};
		DB498D764CFE0DE52F0480CE /* [CP] Check Pods Manifest.lock */ = {
			isa = PBXShellScriptBuildPhase;
			buildActionMask = 2147483647;
			files = (
			);
			inputPaths = (
			);
			name = "[CP] Check Pods Manifest.lock";
			outputPaths = (
			);
			runOnlyForDeploymentPostprocessing = 0;
			shellPath = /bin/sh;
			shellScript = "diff \"${PODS_ROOT}/../Podfile.lock\" \"${PODS_ROOT}/Manifest.lock\" > /dev/null\nif [[ $? != 0 ]] ; then\n    cat << EOM\nerror: The sandbox is not in sync with the Podfile.lock. Run 'pod install' or update your CocoaPods installation.\nEOM\n    exit 1\nfi\n";
			showEnvVarsInLog = 0;
		};
/* End PBXShellScriptBuildPhase section */

/* Begin PBXSourcesBuildPhase section */
		1B7A418E1D26A0CF0026B762 /* Sources */ = {
			isa = PBXSourcesBuildPhase;
			buildActionMask = 2147483647;
			files = (
				1B7A419D1D26A0CF0026B762 /* ViewController.m in Sources */,
				1B7A419A1D26A0CF0026B762 /* AppDelegate.m in Sources */,
				1B7A41971D26A0CF0026B762 /* main.m in Sources */,
				1B589F271D26AEAA00F1F602 /* TableViewCell.m in Sources */,
				1B589F211D26A74200F1F602 /* TableViewController.m in Sources */,
			);
			runOnlyForDeploymentPostprocessing = 0;
		};
/* End PBXSourcesBuildPhase section */

/* Begin PBXVariantGroup section */
		1B7A419E1D26A0CF0026B762 /* Main.storyboard */ = {
			isa = PBXVariantGroup;
			children = (
				1B7A419F1D26A0CF0026B762 /* Base */,
			);
			name = Main.storyboard;
			sourceTree = "<group>";
		};
		1B7A41A31D26A0CF0026B762 /* LaunchScreen.storyboard */ = {
			isa = PBXVariantGroup;
			children = (
				1B7A41A41D26A0CF0026B762 /* Base */,
			);
			name = LaunchScreen.storyboard;
			sourceTree = "<group>";
		};
/* End PBXVariantGroup section */

/* Begin XCBuildConfiguration section */
		1B7A41A71D26A0CF0026B762 /* Debug */ = {
			isa = XCBuildConfiguration;
			buildSettings = {
				ALWAYS_SEARCH_USER_PATHS = NO;
				CLANG_ANALYZER_NONNULL = YES;
				CLANG_CXX_LANGUAGE_STANDARD = "gnu++0x";
				CLANG_CXX_LIBRARY = "libc++";
				CLANG_ENABLE_MODULES = YES;
				CLANG_ENABLE_OBJC_ARC = YES;
				CLANG_WARN_BOOL_CONVERSION = YES;
				CLANG_WARN_CONSTANT_CONVERSION = YES;
				CLANG_WARN_DIRECT_OBJC_ISA_USAGE = YES_ERROR;
				CLANG_WARN_EMPTY_BODY = YES;
				CLANG_WARN_ENUM_CONVERSION = YES;
				CLANG_WARN_INT_CONVERSION = YES;
				CLANG_WARN_OBJC_ROOT_CLASS = YES_ERROR;
				CLANG_WARN_UNREACHABLE_CODE = YES;
				CLANG_WARN__DUPLICATE_METHOD_MATCH = YES;
				"CODE_SIGN_IDENTITY[sdk=iphoneos*]" = "iPhone Developer";
				COPY_PHASE_STRIP = NO;
				DEBUG_INFORMATION_FORMAT = dwarf;
				ENABLE_STRICT_OBJC_MSGSEND = YES;
				ENABLE_TESTABILITY = YES;
				GCC_C_LANGUAGE_STANDARD = gnu99;
				GCC_DYNAMIC_NO_PIC = NO;
				GCC_NO_COMMON_BLOCKS = YES;
				GCC_OPTIMIZATION_LEVEL = 0;
				GCC_PREPROCESSOR_DEFINITIONS = (
					"DEBUG=1",
					"$(inherited)",
				);
				GCC_WARN_64_TO_32_BIT_CONVERSION = YES;
				GCC_WARN_ABOUT_RETURN_TYPE = YES_ERROR;
				GCC_WARN_UNDECLARED_SELECTOR = YES;
				GCC_WARN_UNINITIALIZED_AUTOS = YES_AGGRESSIVE;
				GCC_WARN_UNUSED_FUNCTION = YES;
				GCC_WARN_UNUSED_VARIABLE = YES;
				IPHONEOS_DEPLOYMENT_TARGET = 9.3;
				MTL_ENABLE_DEBUG_INFO = YES;
				ONLY_ACTIVE_ARCH = YES;
				SDKROOT = iphoneos;
			};
			name = Debug;
		};
		1B7A41A81D26A0CF0026B762 /* Release */ = {
			isa = XCBuildConfiguration;
			buildSettings = {
				ALWAYS_SEARCH_USER_PATHS = NO;
				CLANG_ANALYZER_NONNULL = YES;
				CLANG_CXX_LANGUAGE_STANDARD = "gnu++0x";
				CLANG_CXX_LIBRARY = "libc++";
				CLANG_ENABLE_MODULES = YES;
				CLANG_ENABLE_OBJC_ARC = YES;
				CLANG_WARN_BOOL_CONVERSION = YES;
				CLANG_WARN_CONSTANT_CONVERSION = YES;
				CLANG_WARN_DIRECT_OBJC_ISA_USAGE = YES_ERROR;
				CLANG_WARN_EMPTY_BODY = YES;
				CLANG_WARN_ENUM_CONVERSION = YES;
				CLANG_WARN_INT_CONVERSION = YES;
				CLANG_WARN_OBJC_ROOT_CLASS = YES_ERROR;
				CLANG_WARN_UNREACHABLE_CODE = YES;
				CLANG_WARN__DUPLICATE_METHOD_MATCH = YES;
				"CODE_SIGN_IDENTITY[sdk=iphoneos*]" = "iPhone Developer";
				COPY_PHASE_STRIP = NO;
				DEBUG_INFORMATION_FORMAT = "dwarf-with-dsym";
				ENABLE_NS_ASSERTIONS = NO;
				ENABLE_STRICT_OBJC_MSGSEND = YES;
				GCC_C_LANGUAGE_STANDARD = gnu99;
				GCC_NO_COMMON_BLOCKS = YES;
				GCC_WARN_64_TO_32_BIT_CONVERSION = YES;
				GCC_WARN_ABOUT_RETURN_TYPE = YES_ERROR;
				GCC_WARN_UNDECLARED_SELECTOR = YES;
				GCC_WARN_UNINITIALIZED_AUTOS = YES_AGGRESSIVE;
				GCC_WARN_UNUSED_FUNCTION = YES;
				GCC_WARN_UNUSED_VARIABLE = YES;
				IPHONEOS_DEPLOYMENT_TARGET = 9.3;
				MTL_ENABLE_DEBUG_INFO = NO;
				SDKROOT = iphoneos;
				VALIDATE_PRODUCT = YES;
			};
			name = Release;
		};
		1B7A41AA1D26A0CF0026B762 /* Debug */ = {
			isa = XCBuildConfiguration;
			baseConfigurationReference = 2AEE9558800C762D5F710EAF /* Pods-FISFlashyTableviews.debug.xcconfig */;
			buildSettings = {
				ASSETCATALOG_COMPILER_APPICON_NAME = AppIcon;
				INFOPLIST_FILE = FISFlashyTableviews/Info.plist;
				LD_RUNPATH_SEARCH_PATHS = "$(inherited) @executable_path/Frameworks";
				PRODUCT_BUNDLE_IDENTIFIER = FIS.FISFlashyTableviews;
				PRODUCT_NAME = "$(TARGET_NAME)";
			};
			name = Debug;
		};
		1B7A41AB1D26A0CF0026B762 /* Release */ = {
			isa = XCBuildConfiguration;
			baseConfigurationReference = 3A90ECB867DFD6DC9B509C16 /* Pods-FISFlashyTableviews.release.xcconfig */;
			buildSettings = {
				ASSETCATALOG_COMPILER_APPICON_NAME = AppIcon;
				INFOPLIST_FILE = FISFlashyTableviews/Info.plist;
				LD_RUNPATH_SEARCH_PATHS = "$(inherited) @executable_path/Frameworks";
				PRODUCT_BUNDLE_IDENTIFIER = FIS.FISFlashyTableviews;
				PRODUCT_NAME = "$(TARGET_NAME)";
			};
			name = Release;
		};
/* End XCBuildConfiguration section */

/* Begin XCConfigurationList section */
		1B7A418D1D26A0CF0026B762 /* Build configuration list for PBXProject "FISFlashyTableviews" */ = {
			isa = XCConfigurationList;
			buildConfigurations = (
				1B7A41A71D26A0CF0026B762 /* Debug */,
				1B7A41A81D26A0CF0026B762 /* Release */,
			);
			defaultConfigurationIsVisible = 0;
			defaultConfigurationName = Release;
		};
		1B7A41A91D26A0CF0026B762 /* Build configuration list for PBXNativeTarget "FISFlashyTableviews" */ = {
			isa = XCConfigurationList;
			buildConfigurations = (
				1B7A41AA1D26A0CF0026B762 /* Debug */,
				1B7A41AB1D26A0CF0026B762 /* Release */,
			);
			defaultConfigurationIsVisible = 0;
			defaultConfigurationName = Release;
		};
/* End XCConfigurationList section */
	};
	rootObject = 1B7A418A1D26A0CF0026B762 /* Project object */;
}
